// !$*UTF8*$!
{
	archiveVersion = 1;
	classes = {
	};
	objectVersion = 50;
	objects = {

/* Begin PBXBuildFile section */
		F0398CAC225F0E04009B668F /* AppDelegate.m in Sources */ = {isa = PBXBuildFile; fileRef = F0398CAB225F0E04009B668F /* AppDelegate.m */; };
		F0398CAF225F0E04009B668F /* ViewController.m in Sources */ = {isa = PBXBuildFile; fileRef = F0398CAE225F0E04009B668F /* ViewController.m */; };
		F0398CB2225F0E04009B668F /* Main.storyboard in Resources */ = {isa = PBXBuildFile; fileRef = F0398CB0225F0E04009B668F /* Main.storyboard */; };
		F0398CB4225F0E06009B668F /* Assets.xcassets in Resources */ = {isa = PBXBuildFile; fileRef = F0398CB3225F0E06009B668F /* Assets.xcassets */; };
		F0398CB7225F0E06009B668F /* LaunchScreen.storyboard in Resources */ = {isa = PBXBuildFile; fileRef = F0398CB5225F0E06009B668F /* LaunchScreen.storyboard */; };
		F0398CBA225F0E06009B668F /* main.m in Sources */ = {isa = PBXBuildFile; fileRef = F0398CB9225F0E06009B668F /* main.m */; };
/* End PBXBuildFile section */

/* Begin PBXFileReference section */
		F0398CA7225F0E04009B668F /* BaseObjectDemo.app */ = {isa = PBXFileReference; explicitFileType = wrapper.application; includeInIndex = 0; path = BaseObjectDemo.app; sourceTree = BUILT_PRODUCTS_DIR; };
		F0398CAA225F0E04009B668F /* AppDelegate.h */ = {isa = PBXFileReference; lastKnownFileType = sourcecode.c.h; path = AppDelegate.h; sourceTree = "<group>"; };
		F0398CAB225F0E04009B668F /* AppDelegate.m */ = {isa = PBXFileReference; lastKnownFileType = sourcecode.c.objc; path = AppDelegate.m; sourceTree = "<group>"; };
		F0398CAD225F0E04009B668F /* ViewController.h */ = {isa = PBXFileReference; lastKnownFileType = sourcecode.c.h; path = ViewController.h; sourceTree = "<group>"; };
		F0398CAE225F0E04009B668F /* ViewController.m */ = {isa = PBXFileReference; lastKnownFileType = sourcecode.c.objc; path = ViewController.m; sourceTree = "<group>"; };
		F0398CB1225F0E04009B668F /* Base */ = {isa = PBXFileReference; lastKnownFileType = file.storyboard; name = Base; path = Base.lproj/Main.storyboard; sourceTree = "<group>"; };
		F0398CB3225F0E06009B668F /* Assets.xcassets */ = {isa = PBXFileReference; lastKnownFileType = folder.assetcatalog; path = Assets.xcassets; sourceTree = "<group>"; };
		F0398CB6225F0E06009B668F /* Base */ = {isa = PBXFileReference; lastKnownFileType = file.storyboard; name = Base; path = Base.lproj/LaunchScreen.storyboard; sourceTree = "<group>"; };
		F0398CB8225F0E06009B668F /* Info.plist */ = {isa = PBXFileReference; lastKnownFileType = text.plist.xml; path = Info.plist; sourceTree = "<group>"; };
		F0398CB9225F0E06009B668F /* main.m */ = {isa = PBXFileReference; lastKnownFileType = sourcecode.c.objc; path = main.m; sourceTree = "<group>"; };
/* End PBXFileReference section */

/* Begin PBXFrameworksBuildPhase section */
		F0398CA4225F0E04009B668F /* Frameworks */ = {
			isa = PBXFrameworksBuildPhase;
			buildActionMask = 2147483647;
			files = (
			);
			runOnlyForDeploymentPostprocessing = 0;
		};
/* End PBXFrameworksBuildPhase section */

/* Begin PBXGroup section */
		F0398C9E225F0E04009B668F = {
			isa = PBXGroup;
			children = (
				F0398CA9225F0E04009B668F /* BaseObjectDemo */,
				F0398CA8225F0E04009B668F /* Products */,
			);
			sourceTree = "<group>";
		};
		F0398CA8225F0E04009B668F /* Products */ = {
			isa = PBXGroup;
			children = (
				F0398CA7225F0E04009B668F /* BaseObjectDemo.app */,
			);
			name = Products;
			sourceTree = "<group>";
		};
		F0398CA9225F0E04009B668F /* BaseObjectDemo */ = {
			isa = PBXGroup;
			children = (
				F0398CAA225F0E04009B668F /* AppDelegate.h */,
				F0398CAB225F0E04009B668F /* AppDelegate.m */,
				F0398CAD225F0E04009B668F /* ViewController.h */,
				F0398CAE225F0E04009B668F /* ViewController.m */,
				F0398CB0225F0E04009B668F /* Main.storyboard */,
				F0398CB3225F0E06009B668F /* Assets.xcassets */,
				F0398CB5225F0E06009B668F /* LaunchScreen.storyboard */,
				F0398CB8225F0E06009B668F /* Info.plist */,
				F0398CB9225F0E06009B668F /* main.m */,
			);
			path = BaseObjectDemo;
			sourceTree = "<group>";
		};
/* End PBXGroup section */

/* Begin PBXNativeTarget section */
		F0398CA6225F0E04009B668F /* BaseObjectDemo */ = {
			isa = PBXNativeTarget;
			buildConfigurationList = F0398CBD225F0E06009B668F /* Build configuration list for PBXNativeTarget "BaseObjectDemo" */;
			buildPhases = (
				F0398CA3225F0E04009B668F /* Sources */,
				F0398CA4225F0E04009B668F /* Frameworks */,
				F0398CA5225F0E04009B668F /* Resources */,
			);
			buildRules = (
			);
			dependencies = (
			);
			name = BaseObjectDemo;
			productName = BaseObjectDemo;
			productReference = F0398CA7225F0E04009B668F /* BaseObjectDemo.app */;
			productType = "com.apple.product-type.application";
		};
/* End PBXNativeTarget section */

/* Begin PBXProject section */
		F0398C9F225F0E04009B668F /* Project object */ = {
			isa = PBXProject;
			attributes = {
				LastUpgradeCheck = 1020;
				ORGANIZATIONNAME = idress;
				TargetAttributes = {
					F0398CA6225F0E04009B668F = {
						CreatedOnToolsVersion = 10.2;
					};
				};
			};
			buildConfigurationList = F0398CA2225F0E04009B668F /* Build configuration list for PBXProject "BaseObjectDemo" */;
			compatibilityVersion = "Xcode 9.3";
			developmentRegion = en;
			hasScannedForEncodings = 0;
			knownRegions = (
				en,
				Base,
			);
			mainGroup = F0398C9E225F0E04009B668F;
			productRefGroup = F0398CA8225F0E04009B668F /* Products */;
			projectDirPath = "";
			projectRoot = "";
			targets = (
				F0398CA6225F0E04009B668F /* BaseObjectDemo */,
			);
		};
/* End PBXProject section */

/* Begin PBXResourcesBuildPhase section */
		F0398CA5225F0E04009B668F /* Resources */ = {
			isa = PBXResourcesBuildPhase;
			buildActionMask = 2147483647;
			files = (
				F0398CB7225F0E06009B668F /* LaunchScreen.storyboard in Resources */,
				F0398CB4225F0E06009B668F /* Assets.xcassets in Resources */,
				F0398CB2225F0E04009B668F /* Main.storyboard in Resources */,
			);
			runOnlyForDeploymentPostprocessing = 0;
		};
/* End PBXResourcesBuildPhase section */

/* Begin PBXSourcesBuildPhase section */
		F0398CA3225F0E04009B668F /* Sources */ = {
			isa = PBXSourcesBuildPhase;
			buildActionMask = 2147483647;
			files = (
				F0398CAF225F0E04009B668F /* ViewController.m in Sources */,
				F0398CBA225F0E06009B668F /* main.m in Sources */,
				F0398CAC225F0E04009B668F /* AppDelegate.m in Sources */,
			);
			runOnlyForDeploymentPostprocessing = 0;
		};
/* End PBXSourcesBuildPhase section */

/* Begin PBXVariantGroup section */
		F0398CB0225F0E04009B668F /* Main.storyboard */ = {
			isa = PBXVariantGroup;
			children = (
				F0398CB1225F0E04009B668F /* Base */,
			);
			name = Main.storyboard;
			sourceTree = "<group>";
		};
		F0398CB5225F0E06009B668F /* LaunchScreen.storyboard */ = {
			isa = PBXVariantGroup;
			children = (
				F0398CB6225F0E06009B668F /* Base */,
			);
			name = LaunchScreen.storyboard;
			sourceTree = "<group>";
		};
/* End PBXVariantGroup section */

/* Begin XCBuildConfiguration section */
		F0398CBB225F0E06009B668F /* Debug */ = {
			isa = XCBuildConfiguration;
			buildSettings = {
				ALWAYS_SEARCH_USER_PATHS = NO;
				CLANG_ANALYZER_NONNULL = YES;
				CLANG_ANALYZER_NUMBER_OBJECT_CONVERSION = YES_AGGRESSIVE;
				CLANG_CXX_LANGUAGE_STANDARD = "gnu++14";
				CLANG_CXX_LIBRARY = "libc++";
				CLANG_ENABLE_MODULES = YES;
				CLANG_ENABLE_OBJC_ARC = YES;
				CLANG_ENABLE_OBJC_WEAK = YES;
				CLANG_WARN_BLOCK_CAPTURE_AUTORELEASING = YES;
				CLANG_WARN_BOOL_CONVERSION = YES;
				CLANG_WARN_COMMA = YES;
				CLANG_WARN_CONSTANT_CONVERSION = YES;
				CLANG_WARN_DEPRECATED_OBJC_IMPLEMENTATIONS = YES;
				CLANG_WARN_DIRECT_OBJC_ISA_USAGE = YES_ERROR;
				CLANG_WARN_DOCUMENTATION_COMMENTS = YES;
				CLANG_WARN_EMPTY_BODY = YES;
				CLANG_WARN_ENUM_CONVERSION = YES;
				CLANG_WARN_INFINITE_RECURSION = YES;
				CLANG_WARN_INT_CONVERSION = YES;
				CLANG_WARN_NON_LITERAL_NULL_CONVERSION = YES;
				CLANG_WARN_OBJC_IMPLICIT_RETAIN_SELF = YES;
				CLANG_WARN_OBJC_LITERAL_CONVERSION = YES;
				CLANG_WARN_OBJC_ROOT_CLASS = YES_ERROR;
				CLANG_WARN_RANGE_LOOP_ANALYSIS = YES;
				CLANG_WARN_STRICT_PROTOTYPES = YES;
				CLANG_WARN_SUSPICIOUS_MOVE = YES;
				CLANG_WARN_UNGUARDED_AVAILABILITY = YES_AGGRESSIVE;
				CLANG_WARN_UNREACHABLE_CODE = YES;
				CLANG_WARN__DUPLICATE_METHOD_MATCH = YES;
				CODE_SIGN_IDENTITY = "iPhone Developer";
				COPY_PHASE_STRIP = NO;
				DEBUG_INFORMATION_FORMAT = dwarf;
				ENABLE_STRICT_OBJC_MSGSEND = YES;
				ENABLE_TESTABILITY = YES;
				GCC_C_LANGUAGE_STANDARD = gnu11;
				GCC_DYNAMIC_NO_PIC = NO;
				GCC_NO_COMMON_BLOCKS = YES;
				GCC_OPTIMIZATION_LEVEL = 0;
				GCC_PREPROCESSOR_DEFINITIONS = (
					"DEBUG=1",
					"$(inherited)",
				);
				GCC_WARN_64_TO_32_BIT_CONVERSION = YES;
				GCC_WARN_ABOUT_RETURN_TYPE = YES_ERROR;
				GCC_WARN_UNDECLARED_SELECTOR = YES;
				GCC_WARN_UNINITIALIZED_AUTOS = YES_AGGRESSIVE;
				GCC_WARN_UNUSED_FUNCTION = YES;
				GCC_WARN_UNUSED_VARIABLE = YES;
				IPHONEOS_DEPLOYMENT_TARGET = 12.2;
				MTL_ENABLE_DEBUG_INFO = INCLUDE_SOURCE;
				MTL_FAST_MATH = YES;
				ONLY_ACTIVE_ARCH = YES;
				SDKROOT = iphoneos;
			};
			name = Debug;
		};
		F0398CBC225F0E06009B668F /* Release */ = {
			isa = XCBuildConfiguration;
			buildSettings = {
				ALWAYS_SEARCH_USER_PATHS = NO;
				CLANG_ANALYZER_NONNULL = YES;
				CLANG_ANALYZER_NUMBER_OBJECT_CONVERSION = YES_AGGRESSIVE;
				CLANG_CXX_LANGUAGE_STANDARD = "gnu++14";
				CLANG_CXX_LIBRARY = "libc++";
				CLANG_ENABLE_MODULES = YES;
				CLANG_ENABLE_OBJC_ARC = YES;
				CLANG_ENABLE_OBJC_WEAK = YES;
				CLANG_WARN_BLOCK_CAPTURE_AUTORELEASING = YES;
				CLANG_WARN_BOOL_CONVERSION = YES;
				CLANG_WARN_COMMA = YES;
				CLANG_WARN_CONSTANT_CONVERSION = YES;
				CLANG_WARN_DEPRECATED_OBJC_IMPLEMENTATIONS = YES;
				CLANG_WARN_DIRECT_OBJC_ISA_USAGE = YES_ERROR;
				CLANG_WARN_DOCUMENTATION_COMMENTS = YES;
				CLANG_WARN_EMPTY_BODY = YES;
				CLANG_WARN_ENUM_CONVERSION = YES;
				CLANG_WARN_INFINITE_RECURSION = YES;
				CLANG_WARN_INT_CONVERSION = YES;
				CLANG_WARN_NON_LITERAL_NULL_CONVERSION = YES;
				CLANG_WARN_OBJC_IMPLICIT_RETAIN_SELF = YES;
				CLANG_WARN_OBJC_LITERAL_CONVERSION = YES;
				CLANG_WARN_OBJC_ROOT_CLASS = YES_ERROR;
				CLANG_WARN_RANGE_LOOP_ANALYSIS = YES;
				CLANG_WARN_STRICT_PROTOTYPES = YES;
				CLANG_WARN_SUSPICIOUS_MOVE = YES;
				CLANG_WARN_UNGUARDED_AVAILABILITY = YES_AGGRESSIVE;
				CLANG_WARN_UNREACHABLE_CODE = YES;
				CLANG_WARN__DUPLICATE_METHOD_MATCH = YES;
				CODE_SIGN_IDENTITY = "iPhone Developer";
				COPY_PHASE_STRIP = NO;
				DEBUG_INFORMATION_FORMAT = "dwarf-with-dsym";
				ENABLE_NS_ASSERTIONS = NO;
				ENABLE_STRICT_OBJC_MSGSEND = YES;
				GCC_C_LANGUAGE_STANDARD = gnu11;
				GCC_NO_COMMON_BLOCKS = YES;
				GCC_WARN_64_TO_32_BIT_CONVERSION = YES;
				GCC_WARN_ABOUT_RETURN_TYPE = YES_ERROR;
				GCC_WARN_UNDECLARED_SELECTOR = YES;
				GCC_WARN_UNINITIALIZED_AUTOS = YES_AGGRESSIVE;
				GCC_WARN_UNUSED_FUNCTION = YES;
				GCC_WARN_UNUSED_VARIABLE = YES;
				IPHONEOS_DEPLOYMENT_TARGET = 12.2;
				MTL_ENABLE_DEBUG_INFO = NO;
				MTL_FAST_MATH = YES;
				SDKROOT = iphoneos;
				VALIDATE_PRODUCT = YES;
			};
			name = Release;
		};
		F0398CBE225F0E06009B668F /* Debug */ = {
			isa = XCBuildConfiguration;
			buildSettings = {
				ASSETCATALOG_COMPILER_APPICON_NAME = AppIcon;
				CODE_SIGN_STYLE = Automatic;
				DEVELOPMENT_TEAM = 25WU6RYM7P;
				INFOPLIST_FILE = BaseObjectDemo/Info.plist;
				LD_RUNPATH_SEARCH_PATHS = (
					"$(inherited)",
					"@executable_path/Frameworks",
				);
				PRODUCT_BUNDLE_IDENTIFIER = com.idress.BaseObjectDemo;
				PRODUCT_NAME = "$(TARGET_NAME)";
				TARGETED_DEVICE_FAMILY = "1,2";
			};
			name = Debug;
		};
		F0398CBF225F0E06009B668F /* Release */ = {
			isa = XCBuildConfiguration;
			buildSettings = {
				ASSETCATALOG_COMPILER_APPICON_NAME = AppIcon;
				CODE_SIGN_STYLE = Automatic;
				DEVELOPMENT_TEAM = 25WU6RYM7P;
				INFOPLIST_FILE = BaseObjectDemo/Info.plist;
				LD_RUNPATH_SEARCH_PATHS = (
					"$(inherited)",
					"@executable_path/Frameworks",
				);
				PRODUCT_BUNDLE_IDENTIFIER = com.idress.BaseObjectDemo;
				PRODUCT_NAME = "$(TARGET_NAME)";
				TARGETED_DEVICE_FAMILY = "1,2";
			};
			name = Release;
		};
/* End XCBuildConfiguration section */

/* Begin XCConfigurationList section */
		F0398CA2225F0E04009B668F /* Build configuration list for PBXProject "BaseObjectDemo" */ = {
			isa = XCConfigurationList;
			buildConfigurations = (
				F0398CBB225F0E06009B668F /* Debug */,
				F0398CBC225F0E06009B668F /* Release */,
			);
			defaultConfigurationIsVisible = 0;
			defaultConfigurationName = Release;
		};
		F0398CBD225F0E06009B668F /* Build configuration list for PBXNativeTarget "BaseObjectDemo" */ = {
			isa = XCConfigurationList;
			buildConfigurations = (
				F0398CBE225F0E06009B668F /* Debug */,
				F0398CBF225F0E06009B668F /* Release */,
			);
			defaultConfigurationIsVisible = 0;
			defaultConfigurationName = Release;
		};
/* End XCConfigurationList section */
	};
	rootObject = F0398C9F225F0E04009B668F /* Project object */;
}
